// !$*UTF8*$!
{
	archiveVersion = 1;
	classes = {
	};
	objectVersion = 56;
	objects = {

/* Begin PBXBuildFile section */
		2C051E0A2A041C0F001E42BE /* AppDelegate.swift in Sources */ = {isa = PBXBuildFile; fileRef = 2C051E092A041C0F001E42BE /* AppDelegate.swift */; };
		2C051E162A041C11001E42BE /* Assets.xcassets in Resources */ = {isa = PBXBuildFile; fileRef = 2C051E152A041C11001E42BE /* Assets.xcassets */; };
		2C051E192A041C11001E42BE /* LaunchScreen.storyboard in Resources */ = {isa = PBXBuildFile; fileRef = 2C051E172A041C11001E42BE /* LaunchScreen.storyboard */; };
		2C051E212A041C7C001E42BE /* Constants.swift in Sources */ = {isa = PBXBuildFile; fileRef = 2C051E202A041C7C001E42BE /* Constants.swift */; };
		2C051E2D2A042036001E42BE /* GamesListViewController.swift in Sources */ = {isa = PBXBuildFile; fileRef = 2C051E2C2A042036001E42BE /* GamesListViewController.swift */; };
		2C051E322A04286C001E42BE /* Date.swift in Sources */ = {isa = PBXBuildFile; fileRef = 2C051E312A04286C001E42BE /* Date.swift */; };
		2C051E342A043036001E42BE /* CoreDataService.swift in Sources */ = {isa = PBXBuildFile; fileRef = 2C051E332A043036001E42BE /* CoreDataService.swift */; };
		2C70D5122A0590D700D89B4A /* Coordinator.swift in Sources */ = {isa = PBXBuildFile; fileRef = 2C70D5112A0590D700D89B4A /* Coordinator.swift */; };
		2C70D5142A05910200D89B4A /* BaseCoordinator.swift in Sources */ = {isa = PBXBuildFile; fileRef = 2C70D5132A05910200D89B4A /* BaseCoordinator.swift */; };
		2C70D5172A0591D800D89B4A /* GamesListAssembly.swift in Sources */ = {isa = PBXBuildFile; fileRef = 2C70D5162A0591D800D89B4A /* GamesListAssembly.swift */; };
		2C70D5192A05928400D89B4A /* GameAssembly.swift in Sources */ = {isa = PBXBuildFile; fileRef = 2C70D5182A05928400D89B4A /* GameAssembly.swift */; };
		2CA47D562A090E42009531F5 /* DataBase.xcdatamodeld in Sources */ = {isa = PBXBuildFile; fileRef = 2CA47D542A090E42009531F5 /* DataBase.xcdatamodeld */; };
		2CA47D592A090EAC009531F5 /* GameModelMO+CoreDataClass.swift in Sources */ = {isa = PBXBuildFile; fileRef = 2CA47D572A090EAC009531F5 /* GameModelMO+CoreDataClass.swift */; };
		2CA47D5A2A090EAC009531F5 /* GameModelMO+CoreDataProperties.swift in Sources */ = {isa = PBXBuildFile; fileRef = 2CA47D582A090EAC009531F5 /* GameModelMO+CoreDataProperties.swift */; };
		2CA47D5D2A091E49009531F5 /* GameModel.swift in Sources */ = {isa = PBXBuildFile; fileRef = 2CA47D5C2A091E49009531F5 /* GameModel.swift */; };
		2CA47D5F2A091E6F009531F5 /* Player.swift in Sources */ = {isa = PBXBuildFile; fileRef = 2CA47D5E2A091E6F009531F5 /* Player.swift */; };
		2CB2E04E2A06D82600719601 /* GamesListViewModel.swift in Sources */ = {isa = PBXBuildFile; fileRef = 2CB2E04D2A06D82600719601 /* GamesListViewModel.swift */; };
		2CB2E0502A06D84E00719601 /* GamesCellModel.swift in Sources */ = {isa = PBXBuildFile; fileRef = 2CB2E04F2A06D84E00719601 /* GamesCellModel.swift */; };
		2CB2E0522A06D86A00719601 /* GamesTableCell.swift in Sources */ = {isa = PBXBuildFile; fileRef = 2CB2E0512A06D86A00719601 /* GamesTableCell.swift */; };
		2CB2E0562A06E27200719601 /* GameViewController.swift in Sources */ = {isa = PBXBuildFile; fileRef = 2CB2E0552A06E27200719601 /* GameViewController.swift */; };
		2CB2E0582A06ED9600719601 /* GameViewModel.swift in Sources */ = {isa = PBXBuildFile; fileRef = 2CB2E0572A06ED9600719601 /* GameViewModel.swift */; };
		2CB2E05F2A0795B800719601 /* ImageViewWithInsets.swift in Sources */ = {isa = PBXBuildFile; fileRef = 2CB2E05E2A0795B800719601 /* ImageViewWithInsets.swift */; };
		2CB2E0622A07A32F00719601 /* GameListEvent.swift in Sources */ = {isa = PBXBuildFile; fileRef = 2CB2E0612A07A32F00719601 /* GameListEvent.swift */; };
		2CB2E0652A07A69900719601 /* GameEvent.swift in Sources */ = {isa = PBXBuildFile; fileRef = 2CB2E0642A07A69900719601 /* GameEvent.swift */; };
		2CB2E0672A07A94D00719601 /* GameCollectionCell.swift in Sources */ = {isa = PBXBuildFile; fileRef = 2CB2E0662A07A94D00719601 /* GameCollectionCell.swift */; };
		2CB2E06B2A07B72B00719601 /* ServiceAssembly.swift in Sources */ = {isa = PBXBuildFile; fileRef = 2CB2E06A2A07B72B00719601 /* ServiceAssembly.swift */; };
		2CB2E06D2A07DA1900719601 /* TitleGenerator.swift in Sources */ = {isa = PBXBuildFile; fileRef = 2CB2E06C2A07DA1900719601 /* TitleGenerator.swift */; };
		2CCF1A322A058C430063A998 /* UIView .swift in Sources */ = {isa = PBXBuildFile; fileRef = 2CCF1A312A058C430063A998 /* UIView .swift */; };
		2CEEC7542A07EB8300902753 /* GameManager.swift in Sources */ = {isa = PBXBuildFile; fileRef = 2CEEC7532A07EB8300902753 /* GameManager.swift */; };
		2CEEC7562A07EC2100902753 /* Move.swift in Sources */ = {isa = PBXBuildFile; fileRef = 2CEEC7552A07EC2100902753 /* Move.swift */; };
		2CEEC7582A07EC3900902753 /* GameResult.swift in Sources */ = {isa = PBXBuildFile; fileRef = 2CEEC7572A07EC3900902753 /* GameResult.swift */; };
		2CEEC75A2A07EC4900902753 /* BoardEvent.swift in Sources */ = {isa = PBXBuildFile; fileRef = 2CEEC7592A07EC4900902753 /* BoardEvent.swift */; };
		2CEEC75C2A07EC6100902753 /* GameSavingService.swift in Sources */ = {isa = PBXBuildFile; fileRef = 2CEEC75B2A07EC6100902753 /* GameSavingService.swift */; };
/* End PBXBuildFile section */

/* Begin PBXFileReference section */
		2C051E062A041C0F001E42BE /* Super Tic-Tac-Toe.app */ = {isa = PBXFileReference; explicitFileType = wrapper.application; includeInIndex = 0; path = "Super Tic-Tac-Toe.app"; sourceTree = BUILT_PRODUCTS_DIR; };
		2C051E092A041C0F001E42BE /* AppDelegate.swift */ = {isa = PBXFileReference; lastKnownFileType = sourcecode.swift; path = AppDelegate.swift; sourceTree = "<group>"; };
		2C051E152A041C11001E42BE /* Assets.xcassets */ = {isa = PBXFileReference; lastKnownFileType = folder.assetcatalog; path = Assets.xcassets; sourceTree = "<group>"; };
		2C051E182A041C11001E42BE /* Base */ = {isa = PBXFileReference; lastKnownFileType = file.storyboard; name = Base; path = Base.lproj/LaunchScreen.storyboard; sourceTree = "<group>"; };
		2C051E1A2A041C11001E42BE /* Info.plist */ = {isa = PBXFileReference; lastKnownFileType = text.plist.xml; path = Info.plist; sourceTree = "<group>"; };
		2C051E202A041C7C001E42BE /* Constants.swift */ = {isa = PBXFileReference; lastKnownFileType = sourcecode.swift; path = Constants.swift; sourceTree = "<group>"; };
		2C051E2C2A042036001E42BE /* GamesListViewController.swift */ = {isa = PBXFileReference; lastKnownFileType = sourcecode.swift; path = GamesListViewController.swift; sourceTree = "<group>"; };
		2C051E312A04286C001E42BE /* Date.swift */ = {isa = PBXFileReference; lastKnownFileType = sourcecode.swift; path = Date.swift; sourceTree = "<group>"; };
		2C051E332A043036001E42BE /* CoreDataService.swift */ = {isa = PBXFileReference; lastKnownFileType = sourcecode.swift; path = CoreDataService.swift; sourceTree = "<group>"; };
		2C70D5112A0590D700D89B4A /* Coordinator.swift */ = {isa = PBXFileReference; lastKnownFileType = sourcecode.swift; path = Coordinator.swift; sourceTree = "<group>"; };
		2C70D5132A05910200D89B4A /* BaseCoordinator.swift */ = {isa = PBXFileReference; lastKnownFileType = sourcecode.swift; path = BaseCoordinator.swift; sourceTree = "<group>"; };
		2C70D5162A0591D800D89B4A /* GamesListAssembly.swift */ = {isa = PBXFileReference; lastKnownFileType = sourcecode.swift; path = GamesListAssembly.swift; sourceTree = "<group>"; };
		2C70D5182A05928400D89B4A /* GameAssembly.swift */ = {isa = PBXFileReference; lastKnownFileType = sourcecode.swift; path = GameAssembly.swift; sourceTree = "<group>"; };
		2CA47D552A090E42009531F5 /* DataBase.xcdatamodel */ = {isa = PBXFileReference; lastKnownFileType = wrapper.xcdatamodel; path = DataBase.xcdatamodel; sourceTree = "<group>"; };
		2CA47D572A090EAC009531F5 /* GameModelMO+CoreDataClass.swift */ = {isa = PBXFileReference; lastKnownFileType = sourcecode.swift; path = "GameModelMO+CoreDataClass.swift"; sourceTree = "<group>"; };
		2CA47D582A090EAC009531F5 /* GameModelMO+CoreDataProperties.swift */ = {isa = PBXFileReference; lastKnownFileType = sourcecode.swift; path = "GameModelMO+CoreDataProperties.swift"; sourceTree = "<group>"; };
		2CA47D5C2A091E49009531F5 /* GameModel.swift */ = {isa = PBXFileReference; lastKnownFileType = sourcecode.swift; path = GameModel.swift; sourceTree = "<group>"; };
		2CA47D5E2A091E6F009531F5 /* Player.swift */ = {isa = PBXFileReference; lastKnownFileType = sourcecode.swift; path = Player.swift; sourceTree = "<group>"; };
		2CB2E04D2A06D82600719601 /* GamesListViewModel.swift */ = {isa = PBXFileReference; lastKnownFileType = sourcecode.swift; path = GamesListViewModel.swift; sourceTree = "<group>"; };
		2CB2E04F2A06D84E00719601 /* GamesCellModel.swift */ = {isa = PBXFileReference; lastKnownFileType = sourcecode.swift; path = GamesCellModel.swift; sourceTree = "<group>"; };
		2CB2E0512A06D86A00719601 /* GamesTableCell.swift */ = {isa = PBXFileReference; lastKnownFileType = sourcecode.swift; path = GamesTableCell.swift; sourceTree = "<group>"; };
		2CB2E0552A06E27200719601 /* GameViewController.swift */ = {isa = PBXFileReference; lastKnownFileType = sourcecode.swift; path = GameViewController.swift; sourceTree = "<group>"; };
		2CB2E0572A06ED9600719601 /* GameViewModel.swift */ = {isa = PBXFileReference; lastKnownFileType = sourcecode.swift; path = GameViewModel.swift; sourceTree = "<group>"; };
		2CB2E05E2A0795B800719601 /* ImageViewWithInsets.swift */ = {isa = PBXFileReference; lastKnownFileType = sourcecode.swift; path = ImageViewWithInsets.swift; sourceTree = "<group>"; };
		2CB2E0612A07A32F00719601 /* GameListEvent.swift */ = {isa = PBXFileReference; lastKnownFileType = sourcecode.swift; path = GameListEvent.swift; sourceTree = "<group>"; };
		2CB2E0642A07A69900719601 /* GameEvent.swift */ = {isa = PBXFileReference; lastKnownFileType = sourcecode.swift; path = GameEvent.swift; sourceTree = "<group>"; };
		2CB2E0662A07A94D00719601 /* GameCollectionCell.swift */ = {isa = PBXFileReference; lastKnownFileType = sourcecode.swift; path = GameCollectionCell.swift; sourceTree = "<group>"; };
		2CB2E06A2A07B72B00719601 /* ServiceAssembly.swift */ = {isa = PBXFileReference; lastKnownFileType = sourcecode.swift; path = ServiceAssembly.swift; sourceTree = "<group>"; };
		2CB2E06C2A07DA1900719601 /* TitleGenerator.swift */ = {isa = PBXFileReference; lastKnownFileType = sourcecode.swift; path = TitleGenerator.swift; sourceTree = "<group>"; };
		2CCC66F72A0BD8830088CF05 /* README.md */ = {isa = PBXFileReference; lastKnownFileType = net.daringfireball.markdown; path = README.md; sourceTree = "<group>"; };
		2CCF1A312A058C430063A998 /* UIView .swift */ = {isa = PBXFileReference; lastKnownFileType = sourcecode.swift; path = "UIView .swift"; sourceTree = "<group>"; };
		2CEEC7532A07EB8300902753 /* GameManager.swift */ = {isa = PBXFileReference; lastKnownFileType = sourcecode.swift; path = GameManager.swift; sourceTree = "<group>"; };
		2CEEC7552A07EC2100902753 /* Move.swift */ = {isa = PBXFileReference; lastKnownFileType = sourcecode.swift; path = Move.swift; sourceTree = "<group>"; };
		2CEEC7572A07EC3900902753 /* GameResult.swift */ = {isa = PBXFileReference; lastKnownFileType = sourcecode.swift; path = GameResult.swift; sourceTree = "<group>"; };
		2CEEC7592A07EC4900902753 /* BoardEvent.swift */ = {isa = PBXFileReference; lastKnownFileType = sourcecode.swift; path = BoardEvent.swift; sourceTree = "<group>"; };
		2CEEC75B2A07EC6100902753 /* GameSavingService.swift */ = {isa = PBXFileReference; lastKnownFileType = sourcecode.swift; path = GameSavingService.swift; sourceTree = "<group>"; };
/* End PBXFileReference section */

/* Begin PBXFrameworksBuildPhase section */
		2C051E032A041C0F001E42BE /* Frameworks */ = {
			isa = PBXFrameworksBuildPhase;
			buildActionMask = 2147483647;
			files = (
			);
			runOnlyForDeploymentPostprocessing = 0;
		};
/* End PBXFrameworksBuildPhase section */

/* Begin PBXGroup section */
		2C051DFD2A041C0F001E42BE = {
			isa = PBXGroup;
			children = (
				2CCC66F82A0BD8860088CF05 /* images */,
				2CCC66F72A0BD8830088CF05 /* README.md */,
				2C051E082A041C0F001E42BE /* Super Tic-Tac-Toe */,
				2C051E072A041C0F001E42BE /* Products */,
			);
			sourceTree = "<group>";
		};
		2C051E072A041C0F001E42BE /* Products */ = {
			isa = PBXGroup;
			children = (
				2C051E062A041C0F001E42BE /* Super Tic-Tac-Toe.app */,
			);
			name = Products;
			sourceTree = "<group>";
		};
		2C051E082A041C0F001E42BE /* Super Tic-Tac-Toe */ = {
			isa = PBXGroup;
			children = (
				2CA47D5B2A091E2F009531F5 /* Model */,
				2CB2E05D2A07956900719601 /* CustomUI */,
				2C70D5102A0590CB00D89B4A /* Coordinator */,
				2C70D5152A0591BF00D89B4A /* Assembly */,
				2C051E292A041FE8001E42BE /* Extensions */,
				2C051E242A041EF2001E42BE /* Support */,
				2C051E232A041EEA001E42BE /* Modules */,
				2C051E222A041EE3001E42BE /* Service */,
				2C051E092A041C0F001E42BE /* AppDelegate.swift */,
				2C051E172A041C11001E42BE /* LaunchScreen.storyboard */,
				2C051E152A041C11001E42BE /* Assets.xcassets */,
				2C051E1A2A041C11001E42BE /* Info.plist */,
			);
			path = "Super Tic-Tac-Toe";
			sourceTree = "<group>";
		};
		2C051E222A041EE3001E42BE /* Service */ = {
			isa = PBXGroup;
			children = (
				2CEEC7522A07EB7400902753 /* GameManager */,
				2CEEC7512A07EB6C00902753 /* GameSavingService */,
				2C051E252A041F0D001E42BE /* DataBase */,
			);
			path = Service;
			sourceTree = "<group>";
		};
		2C051E232A041EEA001E42BE /* Modules */ = {
			isa = PBXGroup;
			children = (
				2C051E282A041F30001E42BE /* Game Screen */,
				2C051E272A041F27001E42BE /* Games List Screen */,
			);
			path = Modules;
			sourceTree = "<group>";
		};
		2C051E242A041EF2001E42BE /* Support */ = {
			isa = PBXGroup;
			children = (
				2C051E202A041C7C001E42BE /* Constants.swift */,
				2CB2E06C2A07DA1900719601 /* TitleGenerator.swift */,
			);
			path = Support;
			sourceTree = "<group>";
		};
		2C051E252A041F0D001E42BE /* DataBase */ = {
			isa = PBXGroup;
			children = (
				2CA47D572A090EAC009531F5 /* GameModelMO+CoreDataClass.swift */,
				2CA47D582A090EAC009531F5 /* GameModelMO+CoreDataProperties.swift */,
				2C051E332A043036001E42BE /* CoreDataService.swift */,
				2CA47D542A090E42009531F5 /* DataBase.xcdatamodeld */,
			);
			path = DataBase;
			sourceTree = "<group>";
		};
		2C051E272A041F27001E42BE /* Games List Screen */ = {
			isa = PBXGroup;
			children = (
				2CB2E0602A07A31E00719601 /* Model */,
				2C051E2B2A042018001E42BE /* ViewModel */,
				2C051E2A2A04200D001E42BE /* View */,
			);
			path = "Games List Screen";
			sourceTree = "<group>";
		};
		2C051E282A041F30001E42BE /* Game Screen */ = {
			isa = PBXGroup;
			children = (
				2CB2E0632A07A68C00719601 /* Model */,
				2CB2E0542A06E25C00719601 /* ViewModel */,
				2CB2E0532A06E25900719601 /* View */,
			);
			path = "Game Screen";
			sourceTree = "<group>";
		};
		2C051E292A041FE8001E42BE /* Extensions */ = {
			isa = PBXGroup;
			children = (
				2CCF1A312A058C430063A998 /* UIView .swift */,
				2C051E312A04286C001E42BE /* Date.swift */,
			);
			path = Extensions;
			sourceTree = "<group>";
		};
		2C051E2A2A04200D001E42BE /* View */ = {
			isa = PBXGroup;
			children = (
				2C051E2C2A042036001E42BE /* GamesListViewController.swift */,
				2CB2E0512A06D86A00719601 /* GamesTableCell.swift */,
			);
			path = View;
			sourceTree = "<group>";
		};
		2C051E2B2A042018001E42BE /* ViewModel */ = {
			isa = PBXGroup;
			children = (
				2CB2E04D2A06D82600719601 /* GamesListViewModel.swift */,
				2CB2E04F2A06D84E00719601 /* GamesCellModel.swift */,
			);
			path = ViewModel;
			sourceTree = "<group>";
		};
		2C70D5102A0590CB00D89B4A /* Coordinator */ = {
			isa = PBXGroup;
			children = (
				2C70D5112A0590D700D89B4A /* Coordinator.swift */,
				2C70D5132A05910200D89B4A /* BaseCoordinator.swift */,
			);
			path = Coordinator;
			sourceTree = "<group>";
		};
		2C70D5152A0591BF00D89B4A /* Assembly */ = {
			isa = PBXGroup;
			children = (
				2C70D5162A0591D800D89B4A /* GamesListAssembly.swift */,
				2C70D5182A05928400D89B4A /* GameAssembly.swift */,
				2CB2E06A2A07B72B00719601 /* ServiceAssembly.swift */,
			);
			path = Assembly;
			sourceTree = "<group>";
		};
		2CA47D5B2A091E2F009531F5 /* Model */ = {
			isa = PBXGroup;
			children = (
				2CA47D5C2A091E49009531F5 /* GameModel.swift */,
				2CA47D5E2A091E6F009531F5 /* Player.swift */,
			);
			path = Model;
			sourceTree = "<group>";
		};
		2CB2E0532A06E25900719601 /* View */ = {
			isa = PBXGroup;
			children = (
				2CB2E0552A06E27200719601 /* GameViewController.swift */,
				2CB2E0662A07A94D00719601 /* GameCollectionCell.swift */,
			);
			path = View;
			sourceTree = "<group>";
		};
		2CB2E0542A06E25C00719601 /* ViewModel */ = {
			isa = PBXGroup;
			children = (
				2CB2E0572A06ED9600719601 /* GameViewModel.swift */,
			);
			path = ViewModel;
			sourceTree = "<group>";
		};
		2CB2E05D2A07956900719601 /* CustomUI */ = {
			isa = PBXGroup;
			children = (
				2CB2E05E2A0795B800719601 /* ImageViewWithInsets.swift */,
			);
			path = CustomUI;
			sourceTree = "<group>";
		};
		2CB2E0602A07A31E00719601 /* Model */ = {
			isa = PBXGroup;
			children = (
				2CB2E0612A07A32F00719601 /* GameListEvent.swift */,
			);
			path = Model;
			sourceTree = "<group>";
		};
		2CB2E0632A07A68C00719601 /* Model */ = {
			isa = PBXGroup;
			children = (
				2CB2E0642A07A69900719601 /* GameEvent.swift */,
			);
			path = Model;
			sourceTree = "<group>";
		};
		2CCC66F82A0BD8860088CF05 /* images */ = {
			isa = PBXGroup;
			children = (
			);
			path = images;
			sourceTree = "<group>";
		};
		2CEEC7512A07EB6C00902753 /* GameSavingService */ = {
			isa = PBXGroup;
			children = (
				2CEEC75B2A07EC6100902753 /* GameSavingService.swift */,
			);
			path = GameSavingService;
			sourceTree = "<group>";
		};
		2CEEC7522A07EB7400902753 /* GameManager */ = {
			isa = PBXGroup;
			children = (
				2CEEC7532A07EB8300902753 /* GameManager.swift */,
				2CEEC7552A07EC2100902753 /* Move.swift */,
				2CEEC7592A07EC4900902753 /* BoardEvent.swift */,
				2CEEC7572A07EC3900902753 /* GameResult.swift */,
			);
			path = GameManager;
			sourceTree = "<group>";
		};
/* End PBXGroup section */

/* Begin PBXNativeTarget section */
		2C051E052A041C0F001E42BE /* Super Tic-Tac-Toe */ = {
			isa = PBXNativeTarget;
			buildConfigurationList = 2C051E1D2A041C11001E42BE /* Build configuration list for PBXNativeTarget "Super Tic-Tac-Toe" */;
			buildPhases = (
				2C051E022A041C0F001E42BE /* Sources */,
				2C051E032A041C0F001E42BE /* Frameworks */,
				2C051E042A041C0F001E42BE /* Resources */,
			);
			buildRules = (
			);
			dependencies = (
			);
			name = "Super Tic-Tac-Toe";
			productName = "Super Tic-Tac-Toe";
			productReference = 2C051E062A041C0F001E42BE /* Super Tic-Tac-Toe.app */;
			productType = "com.apple.product-type.application";
		};
/* End PBXNativeTarget section */

/* Begin PBXProject section */
		2C051DFE2A041C0F001E42BE /* Project object */ = {
			isa = PBXProject;
			attributes = {
				BuildIndependentTargetsInParallel = 1;
				LastSwiftUpdateCheck = 1420;
				LastUpgradeCheck = 1420;
				TargetAttributes = {
					2C051E052A041C0F001E42BE = {
						CreatedOnToolsVersion = 14.2;
					};
				};
			};
			buildConfigurationList = 2C051E012A041C0F001E42BE /* Build configuration list for PBXProject "Super Tic-Tac-Toe" */;
			compatibilityVersion = "Xcode 14.0";
			developmentRegion = en;
			hasScannedForEncodings = 0;
			knownRegions = (
				en,
				Base,
			);
			mainGroup = 2C051DFD2A041C0F001E42BE;
			productRefGroup = 2C051E072A041C0F001E42BE /* Products */;
			projectDirPath = "";
			projectRoot = "";
			targets = (
				2C051E052A041C0F001E42BE /* Super Tic-Tac-Toe */,
			);
		};
/* End PBXProject section */

/* Begin PBXResourcesBuildPhase section */
		2C051E042A041C0F001E42BE /* Resources */ = {
			isa = PBXResourcesBuildPhase;
			buildActionMask = 2147483647;
			files = (
				2C051E192A041C11001E42BE /* LaunchScreen.storyboard in Resources */,
				2C051E162A041C11001E42BE /* Assets.xcassets in Resources */,
			);
			runOnlyForDeploymentPostprocessing = 0;
		};
/* End PBXResourcesBuildPhase section */

/* Begin PBXSourcesBuildPhase section */
		2C051E022A041C0F001E42BE /* Sources */ = {
			isa = PBXSourcesBuildPhase;
			buildActionMask = 2147483647;
			files = (
				2CEEC75C2A07EC6100902753 /* GameSavingService.swift in Sources */,
				2CEEC7562A07EC2100902753 /* Move.swift in Sources */,
				2CA47D562A090E42009531F5 /* DataBase.xcdatamodeld in Sources */,
				2CEEC7542A07EB8300902753 /* GameManager.swift in Sources */,
				2CB2E0582A06ED9600719601 /* GameViewModel.swift in Sources */,
				2CEEC7582A07EC3900902753 /* GameResult.swift in Sources */,
				2C051E212A041C7C001E42BE /* Constants.swift in Sources */,
				2CB2E06D2A07DA1900719601 /* TitleGenerator.swift in Sources */,
				2CB2E0652A07A69900719601 /* GameEvent.swift in Sources */,
				2CEEC75A2A07EC4900902753 /* BoardEvent.swift in Sources */,
				2C70D5142A05910200D89B4A /* BaseCoordinator.swift in Sources */,
				2C70D5172A0591D800D89B4A /* GamesListAssembly.swift in Sources */,
				2CB2E0672A07A94D00719601 /* GameCollectionCell.swift in Sources */,
				2CB2E0622A07A32F00719601 /* GameListEvent.swift in Sources */,
				2C70D5192A05928400D89B4A /* GameAssembly.swift in Sources */,
				2C051E322A04286C001E42BE /* Date.swift in Sources */,
				2CA47D5A2A090EAC009531F5 /* GameModelMO+CoreDataProperties.swift in Sources */,
				2CB2E0562A06E27200719601 /* GameViewController.swift in Sources */,
				2CB2E04E2A06D82600719601 /* GamesListViewModel.swift in Sources */,
				2C051E0A2A041C0F001E42BE /* AppDelegate.swift in Sources */,
				2CB2E0522A06D86A00719601 /* GamesTableCell.swift in Sources */,
				2C051E2D2A042036001E42BE /* GamesListViewController.swift in Sources */,
				2CB2E06B2A07B72B00719601 /* ServiceAssembly.swift in Sources */,
				2C051E342A043036001E42BE /* CoreDataService.swift in Sources */,
				2C70D5122A0590D700D89B4A /* Coordinator.swift in Sources */,
				2CB2E0502A06D84E00719601 /* GamesCellModel.swift in Sources */,
				2CB2E05F2A0795B800719601 /* ImageViewWithInsets.swift in Sources */,
				2CCF1A322A058C430063A998 /* UIView .swift in Sources */,
				2CA47D592A090EAC009531F5 /* GameModelMO+CoreDataClass.swift in Sources */,
				2CA47D5F2A091E6F009531F5 /* Player.swift in Sources */,
				2CA47D5D2A091E49009531F5 /* GameModel.swift in Sources */,
			);
			runOnlyForDeploymentPostprocessing = 0;
		};
/* End PBXSourcesBuildPhase section */

/* Begin PBXVariantGroup section */
		2C051E172A041C11001E42BE /* LaunchScreen.storyboard */ = {
			isa = PBXVariantGroup;
			children = (
				2C051E182A041C11001E42BE /* Base */,
			);
			name = LaunchScreen.storyboard;
			sourceTree = "<group>";
		};
/* End PBXVariantGroup section */

/* Begin XCBuildConfiguration section */
		2C051E1B2A041C11001E42BE /* Debug */ = {
			isa = XCBuildConfiguration;
			buildSettings = {
				ALWAYS_SEARCH_USER_PATHS = NO;
				CLANG_ANALYZER_NONNULL = YES;
				CLANG_ANALYZER_NUMBER_OBJECT_CONVERSION = YES_AGGRESSIVE;
				CLANG_CXX_LANGUAGE_STANDARD = "gnu++20";
				CLANG_ENABLE_MODULES = YES;
				CLANG_ENABLE_OBJC_ARC = YES;
				CLANG_ENABLE_OBJC_WEAK = YES;
				CLANG_WARN_BLOCK_CAPTURE_AUTORELEASING = YES;
				CLANG_WARN_BOOL_CONVERSION = YES;
				CLANG_WARN_COMMA = YES;
				CLANG_WARN_CONSTANT_CONVERSION = YES;
				CLANG_WARN_DEPRECATED_OBJC_IMPLEMENTATIONS = YES;
				CLANG_WARN_DIRECT_OBJC_ISA_USAGE = YES_ERROR;
				CLANG_WARN_DOCUMENTATION_COMMENTS = YES;
				CLANG_WARN_EMPTY_BODY = YES;
				CLANG_WARN_ENUM_CONVERSION = YES;
				CLANG_WARN_INFINITE_RECURSION = YES;
				CLANG_WARN_INT_CONVERSION = YES;
				CLANG_WARN_NON_LITERAL_NULL_CONVERSION = YES;
				CLANG_WARN_OBJC_IMPLICIT_RETAIN_SELF = YES;
				CLANG_WARN_OBJC_LITERAL_CONVERSION = YES;
				CLANG_WARN_OBJC_ROOT_CLASS = YES_ERROR;
				CLANG_WARN_QUOTED_INCLUDE_IN_FRAMEWORK_HEADER = YES;
				CLANG_WARN_RANGE_LOOP_ANALYSIS = YES;
				CLANG_WARN_STRICT_PROTOTYPES = YES;
				CLANG_WARN_SUSPICIOUS_MOVE = YES;
				CLANG_WARN_UNGUARDED_AVAILABILITY = YES_AGGRESSIVE;
				CLANG_WARN_UNREACHABLE_CODE = YES;
				CLANG_WARN__DUPLICATE_METHOD_MATCH = YES;
				COPY_PHASE_STRIP = NO;
				DEBUG_INFORMATION_FORMAT = dwarf;
				ENABLE_STRICT_OBJC_MSGSEND = YES;
				ENABLE_TESTABILITY = YES;
				GCC_C_LANGUAGE_STANDARD = gnu11;
				GCC_DYNAMIC_NO_PIC = NO;
				GCC_NO_COMMON_BLOCKS = YES;
				GCC_OPTIMIZATION_LEVEL = 0;
				GCC_PREPROCESSOR_DEFINITIONS = (
					"DEBUG=1",
					"$(inherited)",
				);
				GCC_WARN_64_TO_32_BIT_CONVERSION = YES;
				GCC_WARN_ABOUT_RETURN_TYPE = YES_ERROR;
				GCC_WARN_UNDECLARED_SELECTOR = YES;
				GCC_WARN_UNINITIALIZED_AUTOS = YES_AGGRESSIVE;
				GCC_WARN_UNUSED_FUNCTION = YES;
				GCC_WARN_UNUSED_VARIABLE = YES;
				IPHONEOS_DEPLOYMENT_TARGET = 16.2;
				MTL_ENABLE_DEBUG_INFO = INCLUDE_SOURCE;
				MTL_FAST_MATH = YES;
				ONLY_ACTIVE_ARCH = YES;
				SDKROOT = iphoneos;
				SWIFT_ACTIVE_COMPILATION_CONDITIONS = DEBUG;
				SWIFT_OPTIMIZATION_LEVEL = "-Onone";
			};
			name = Debug;
		};
		2C051E1C2A041C11001E42BE /* Release */ = {
			isa = XCBuildConfiguration;
			buildSettings = {
				ALWAYS_SEARCH_USER_PATHS = NO;
				CLANG_ANALYZER_NONNULL = YES;
				CLANG_ANALYZER_NUMBER_OBJECT_CONVERSION = YES_AGGRESSIVE;
				CLANG_CXX_LANGUAGE_STANDARD = "gnu++20";
				CLANG_ENABLE_MODULES = YES;
				CLANG_ENABLE_OBJC_ARC = YES;
				CLANG_ENABLE_OBJC_WEAK = YES;
				CLANG_WARN_BLOCK_CAPTURE_AUTORELEASING = YES;
				CLANG_WARN_BOOL_CONVERSION = YES;
				CLANG_WARN_COMMA = YES;
				CLANG_WARN_CONSTANT_CONVERSION = YES;
				CLANG_WARN_DEPRECATED_OBJC_IMPLEMENTATIONS = YES;
				CLANG_WARN_DIRECT_OBJC_ISA_USAGE = YES_ERROR;
				CLANG_WARN_DOCUMENTATION_COMMENTS = YES;
				CLANG_WARN_EMPTY_BODY = YES;
				CLANG_WARN_ENUM_CONVERSION = YES;
				CLANG_WARN_INFINITE_RECURSION = YES;
				CLANG_WARN_INT_CONVERSION = YES;
				CLANG_WARN_NON_LITERAL_NULL_CONVERSION = YES;
				CLANG_WARN_OBJC_IMPLICIT_RETAIN_SELF = YES;
				CLANG_WARN_OBJC_LITERAL_CONVERSION = YES;
				CLANG_WARN_OBJC_ROOT_CLASS = YES_ERROR;
				CLANG_WARN_QUOTED_INCLUDE_IN_FRAMEWORK_HEADER = YES;
				CLANG_WARN_RANGE_LOOP_ANALYSIS = YES;
				CLANG_WARN_STRICT_PROTOTYPES = YES;
				CLANG_WARN_SUSPICIOUS_MOVE = YES;
				CLANG_WARN_UNGUARDED_AVAILABILITY = YES_AGGRESSIVE;
				CLANG_WARN_UNREACHABLE_CODE = YES;
				CLANG_WARN__DUPLICATE_METHOD_MATCH = YES;
				COPY_PHASE_STRIP = NO;
				DEBUG_INFORMATION_FORMAT = "dwarf-with-dsym";
				ENABLE_NS_ASSERTIONS = NO;
				ENABLE_STRICT_OBJC_MSGSEND = YES;
				GCC_C_LANGUAGE_STANDARD = gnu11;
				GCC_NO_COMMON_BLOCKS = YES;
				GCC_WARN_64_TO_32_BIT_CONVERSION = YES;
				GCC_WARN_ABOUT_RETURN_TYPE = YES_ERROR;
				GCC_WARN_UNDECLARED_SELECTOR = YES;
				GCC_WARN_UNINITIALIZED_AUTOS = YES_AGGRESSIVE;
				GCC_WARN_UNUSED_FUNCTION = YES;
				GCC_WARN_UNUSED_VARIABLE = YES;
				IPHONEOS_DEPLOYMENT_TARGET = 16.2;
				MTL_ENABLE_DEBUG_INFO = NO;
				MTL_FAST_MATH = YES;
				SDKROOT = iphoneos;
				SWIFT_COMPILATION_MODE = wholemodule;
				SWIFT_OPTIMIZATION_LEVEL = "-O";
				VALIDATE_PRODUCT = YES;
			};
			name = Release;
		};
		2C051E1E2A041C11001E42BE /* Debug */ = {
			isa = XCBuildConfiguration;
			buildSettings = {
				ASSETCATALOG_COMPILER_APPICON_NAME = AppIcon;
				ASSETCATALOG_COMPILER_GLOBAL_ACCENT_COLOR_NAME = AccentColor;
				CODE_SIGN_STYLE = Automatic;
				CURRENT_PROJECT_VERSION = 1;
				DEVELOPMENT_TEAM = 35953V9L7K;
				GENERATE_INFOPLIST_FILE = YES;
				INFOPLIST_FILE = "Super Tic-Tac-Toe/Info.plist";
				INFOPLIST_KEY_CFBundleDisplayName = "Tic-Tac-Toe";
				INFOPLIST_KEY_UIApplicationSupportsIndirectInputEvents = YES;
				INFOPLIST_KEY_UILaunchStoryboardName = LaunchScreen;
				INFOPLIST_KEY_UIStatusBarStyle = UIStatusBarStyleDarkContent;
				INFOPLIST_KEY_UISupportedInterfaceOrientations = UIInterfaceOrientationPortrait;
				INFOPLIST_KEY_UISupportedInterfaceOrientations_iPad = "UIInterfaceOrientationLandscapeLeft UIInterfaceOrientationLandscapeRight UIInterfaceOrientationPortrait UIInterfaceOrientationPortraitUpsideDown";
				INFOPLIST_KEY_UIUserInterfaceStyle = Dark;
				LD_RUNPATH_SEARCH_PATHS = (
					"$(inherited)",
					"@executable_path/Frameworks",
				);
				MARKETING_VERSION = 1.0;
				PRODUCT_BUNDLE_IDENTIFIER = "com.ulGord.Super-Tic-Tac-Toe";
				PRODUCT_NAME = "$(TARGET_NAME)";
				SUPPORTED_PLATFORMS = "iphoneos iphonesimulator";
				SUPPORTS_MACCATALYST = NO;
				SUPPORTS_MAC_DESIGNED_FOR_IPHONE_IPAD = NO;
				SWIFT_EMIT_LOC_STRINGS = YES;
				SWIFT_VERSION = 5.0;
				TARGETED_DEVICE_FAMILY = 1;
			};
			name = Debug;
		};
		2C051E1F2A041C11001E42BE /* Release */ = {
			isa = XCBuildConfiguration;
			buildSettings = {
				ASSETCATALOG_COMPILER_APPICON_NAME = AppIcon;
				ASSETCATALOG_COMPILER_GLOBAL_ACCENT_COLOR_NAME = AccentColor;
				CODE_SIGN_STYLE = Automatic;
				CURRENT_PROJECT_VERSION = 1;
				DEVELOPMENT_TEAM = 35953V9L7K;
				GENERATE_INFOPLIST_FILE = YES;
				INFOPLIST_FILE = "Super Tic-Tac-Toe/Info.plist";
				INFOPLIST_KEY_CFBundleDisplayName = "Tic-Tac-Toe";
				INFOPLIST_KEY_UIApplicationSupportsIndirectInputEvents = YES;
				INFOPLIST_KEY_UILaunchStoryboardName = LaunchScreen;
				INFOPLIST_KEY_UIStatusBarStyle = UIStatusBarStyleDarkContent;
				INFOPLIST_KEY_UISupportedInterfaceOrientations = UIInterfaceOrientationPortrait;
				INFOPLIST_KEY_UISupportedInterfaceOrientations_iPad = "UIInterfaceOrientationLandscapeLeft UIInterfaceOrientationLandscapeRight UIInterfaceOrientationPortrait UIInterfaceOrientationPortraitUpsideDown";
				INFOPLIST_KEY_UIUserInterfaceStyle = Dark;
				LD_RUNPATH_SEARCH_PATHS = (
					"$(inherited)",
					"@executable_path/Frameworks",
				);
				MARKETING_VERSION = 1.0;
				PRODUCT_BUNDLE_IDENTIFIER = "com.ulGord.Super-Tic-Tac-Toe";
				PRODUCT_NAME = "$(TARGET_NAME)";
				SUPPORTED_PLATFORMS = "iphoneos iphonesimulator";
				SUPPORTS_MACCATALYST = NO;
				SUPPORTS_MAC_DESIGNED_FOR_IPHONE_IPAD = NO;
				SWIFT_EMIT_LOC_STRINGS = YES;
				SWIFT_VERSION = 5.0;
				TARGETED_DEVICE_FAMILY = 1;
			};
			name = Release;
		};
/* End XCBuildConfiguration section */

/* Begin XCConfigurationList section */
		2C051E012A041C0F001E42BE /* Build configuration list for PBXProject "Super Tic-Tac-Toe" */ = {
			isa = XCConfigurationList;
			buildConfigurations = (
				2C051E1B2A041C11001E42BE /* Debug */,
				2C051E1C2A041C11001E42BE /* Release */,
			);
			defaultConfigurationIsVisible = 0;
			defaultConfigurationName = Release;
		};
		2C051E1D2A041C11001E42BE /* Build configuration list for PBXNativeTarget "Super Tic-Tac-Toe" */ = {
			isa = XCConfigurationList;
			buildConfigurations = (
				2C051E1E2A041C11001E42BE /* Debug */,
				2C051E1F2A041C11001E42BE /* Release */,
			);
			defaultConfigurationIsVisible = 0;
			defaultConfigurationName = Release;
		};
/* End XCConfigurationList section */

/* Begin XCVersionGroup section */
		2CA47D542A090E42009531F5 /* DataBase.xcdatamodeld */ = {
			isa = XCVersionGroup;
			children = (
				2CA47D552A090E42009531F5 /* DataBase.xcdatamodel */,
			);
			currentVersion = 2CA47D552A090E42009531F5 /* DataBase.xcdatamodel */;
			path = DataBase.xcdatamodeld;
			sourceTree = "<group>";
			versionGroupType = wrapper.xcdatamodel;
		};
/* End XCVersionGroup section */
	};
	rootObject = 2C051DFE2A041C0F001E42BE /* Project object */;
}
